# -------------------------------------------------------------------------- #
#
# Copyright (C) 1991-2010 Altera Corporation
# Your use of Altera Corporation's design tools, logic functions 
# and other software and tools, and its AMPP partner logic 
# functions, and any output files from any of the foregoing 
# (including device programming or simulation files), and any 
# associated documentation or information are expressly subject 
# to the terms and conditions of the Altera Program License 
# Subscription Agreement, Altera MegaCore Function License 
# Agreement, or other applicable license agreement, including, 
# without limitation, that your use is for the sole purpose of 
# programming logic devices manufactured by Altera and sold by 
# Altera or its authorized distributors.  Please refer to the 
# applicable agreement for further details.
#
# -------------------------------------------------------------------------- #
#
# Quartus II
# Version 9.1 Build 350 03/24/2010 Service Pack 2 SJ Full Version
# Date created = 09:02:01  August 23, 2017
#
# -------------------------------------------------------------------------- #
#
# Notes:
#
# 1) The default values for assignments are stored in the file:
#		vga_game_assignment_defaults.qdf
#    If this file doesn't exist, see file:
#		assignment_defaults.qdf
#
# 2) Altera recommends that you do not modify this file. This
#    file is updated automatically by the Quartus II software
#    and any changes you make may be lost or overwritten.
#
# -------------------------------------------------------------------------- #


set_global_assignment -name FAMILY "Cyclone II"
set_global_assignment -name DEVICE EP2C35F672C6
set_global_assignment -name TOP_LEVEL_ENTITY TOP_SIFTACH
set_global_assignment -name ORIGINAL_QUARTUS_VERSION "9.1 SP2"
set_global_assignment -name PROJECT_CREATION_TIME_DATE "09:02:01  AUGUST 23, 2017"
set_global_assignment -name LAST_QUARTUS_VERSION "9.1 SP2"
set_global_assignment -name DEVICE_FILTER_PACKAGE FBGA
set_global_assignment -name DEVICE_FILTER_PIN_COUNT 672
set_global_assignment -name DEVICE_FILTER_SPEED_GRADE 6
set_location_assignment PIN_G26 -to RESETn
set_location_assignment PIN_AF10 -to HEX0S[6]
set_location_assignment PIN_AB12 -to HEX0S[5]
set_location_assignment PIN_AC12 -to HEX0S[4]
set_location_assignment PIN_AD11 -to HEX0S[3]
set_location_assignment PIN_AE11 -to HEX0S[2]
set_location_assignment PIN_V14 -to HEX0S[1]
set_location_assignment PIN_V13 -to HEX0S[0]
set_location_assignment PIN_V20 -to HEX1S[6]
set_location_assignment PIN_V21 -to HEX1S[5]
set_location_assignment PIN_W21 -to HEX1S[4]
set_location_assignment PIN_Y22 -to HEX1S[3]
set_location_assignment PIN_AA24 -to HEX1S[2]
set_location_assignment PIN_AA23 -to HEX1S[1]
set_location_assignment PIN_AB24 -to HEX1S[0]
set_location_assignment PIN_AB23 -to HEX2S[6]
set_location_assignment PIN_V22 -to HEX2S[5]
set_location_assignment PIN_AC25 -to HEX2S[4]
set_location_assignment PIN_AC26 -to HEX2S[3]
set_location_assignment PIN_AB26 -to HEX2S[2]
set_location_assignment PIN_AB25 -to HEX2S[1]
set_location_assignment PIN_Y24 -to HEX2S[0]
set_location_assignment PIN_Y23 -to HEX3S[6]
set_location_assignment PIN_AA25 -to HEX3S[5]
set_location_assignment PIN_AA26 -to HEX3S[4]
set_location_assignment PIN_Y26 -to HEX3S[3]
set_location_assignment PIN_Y25 -to HEX3S[2]
set_location_assignment PIN_U22 -to HEX3S[1]
set_location_assignment PIN_W24 -to HEX3S[0]
set_location_assignment PIN_U9 -to HEX4S[6]
set_location_assignment PIN_U1 -to HEX4S[5]
set_location_assignment PIN_U2 -to HEX4S[4]
set_location_assignment PIN_T4 -to HEX4S[3]
set_location_assignment PIN_R7 -to HEX4S[2]
set_location_assignment PIN_R6 -to HEX4S[1]
set_location_assignment PIN_T3 -to HEX4S[0]
set_location_assignment PIN_T2 -to HEX5S[6]
set_location_assignment PIN_P6 -to HEX5S[5]
set_location_assignment PIN_P7 -to HEX5S[4]
set_location_assignment PIN_T9 -to HEX5S[3]
set_location_assignment PIN_R5 -to HEX5S[2]
set_location_assignment PIN_R4 -to HEX5S[1]
set_location_assignment PIN_R3 -to HEX5S[0]
set_location_assignment PIN_R2 -to HEX6S[6]
set_location_assignment PIN_P4 -to HEX6S[5]
set_location_assignment PIN_P3 -to HEX6S[4]
set_location_assignment PIN_M2 -to HEX6S[3]
set_location_assignment PIN_M3 -to HEX6S[2]
set_location_assignment PIN_M5 -to HEX6S[1]
set_location_assignment PIN_M4 -to HEX6S[0]
set_location_assignment PIN_L3 -to HEX7S[6]
set_location_assignment PIN_L2 -to HEX7S[5]
set_location_assignment PIN_L9 -to HEX7S[4]
set_location_assignment PIN_L6 -to HEX7S[3]
set_location_assignment PIN_L7 -to HEX7S[2]
set_location_assignment PIN_P9 -to HEX7S[1]
set_location_assignment PIN_N9 -to HEX7S[0]
set_location_assignment PIN_D13 -to CLOCK_27
set_location_assignment PIN_N2 -to CLOCK_50
set_location_assignment PIN_C8 -to VGA_R[0]
set_location_assignment PIN_F10 -to VGA_R[1]
set_location_assignment PIN_G10 -to VGA_R[2]
set_location_assignment PIN_D9 -to VGA_R[3]
set_location_assignment PIN_C9 -to VGA_R[4]
set_location_assignment PIN_A8 -to VGA_R[5]
set_location_assignment PIN_H11 -to VGA_R[6]
set_location_assignment PIN_H12 -to VGA_R[7]
set_location_assignment PIN_F11 -to VGA_R[8]
set_location_assignment PIN_E10 -to VGA_R[9]
set_location_assignment PIN_B9 -to VGA_G[0]
set_location_assignment PIN_A9 -to VGA_G[1]
set_location_assignment PIN_C10 -to VGA_G[2]
set_location_assignment PIN_D10 -to VGA_G[3]
set_location_assignment PIN_B10 -to VGA_G[4]
set_location_assignment PIN_A10 -to VGA_G[5]
set_location_assignment PIN_G11 -to VGA_G[6]
set_location_assignment PIN_D11 -to VGA_G[7]
set_location_assignment PIN_E12 -to VGA_G[8]
set_location_assignment PIN_D12 -to VGA_G[9]
set_location_assignment PIN_J13 -to VGA_B[0]
set_location_assignment PIN_J14 -to VGA_B[1]
set_location_assignment PIN_F12 -to VGA_B[2]
set_location_assignment PIN_G12 -to VGA_B[3]
set_location_assignment PIN_J10 -to VGA_B[4]
set_location_assignment PIN_J11 -to VGA_B[5]
set_location_assignment PIN_C11 -to VGA_B[6]
set_location_assignment PIN_B11 -to VGA_B[7]
set_location_assignment PIN_C12 -to VGA_B[8]
set_location_assignment PIN_B12 -to VGA_B[9]
set_location_assignment PIN_B8 -to VGA_CLK
set_location_assignment PIN_D6 -to VGA_BLANK
set_location_assignment PIN_A7 -to VGA_HS
set_location_assignment PIN_D8 -to VGA_VS
set_location_assignment PIN_B7 -to VGA_SYNC
set_location_assignment PIN_D26 -to KBD_CLK
set_location_assignment PIN_C24 -to KBD_DAT
set_location_assignment PIN_U24 -to ADC_POWERDOWNn_CHIP
set_location_assignment PIN_T19 -to DACs_POWERDOWNn_CHIP
set_location_assignment PIN_V25 -to VOLTAGE_TRANSLATORS_ENAn_CHIP
set_location_assignment PIN_V24 -to BIT_INPUT_MUX_CARD
set_global_assignment -name RESERVE_ALL_UNUSED_PINS "AS INPUT TRI-STATED"
set_location_assignment PIN_N2 -to CLK_50
set_location_assignment PIN_N23 -to rand
set_location_assignment PIN_K25 -to PDAC_A_DATA_CHIP[0]
set_location_assignment PIN_K26 -to PDAC_A_DATA_CHIP[1]
set_location_assignment PIN_M22 -to PDAC_A_DATA_CHIP[2]
set_location_assignment PIN_M23 -to PDAC_A_DATA_CHIP[3]
set_location_assignment PIN_M19 -to PDAC_A_DATA_CHIP[4]
set_location_assignment PIN_M20 -to PDAC_A_DATA_CHIP[5]
set_location_assignment PIN_N20 -to PDAC_A_DATA_CHIP[6]
set_location_assignment PIN_M21 -to PDAC_A_DATA_CHIP[7]
set_location_assignment PIN_M24 -to PDAC_B_DATA_CHIP[0]
set_location_assignment PIN_M25 -to PDAC_B_DATA_CHIP[1]
set_location_assignment PIN_N24 -to PDAC_B_DATA_CHIP[2]
set_location_assignment PIN_P24 -to PDAC_B_DATA_CHIP[3]
set_location_assignment PIN_R25 -to PDAC_B_DATA_CHIP[4]
set_location_assignment PIN_R24 -to PDAC_B_DATA_CHIP[5]
set_location_assignment PIN_R20 -to PDAC_B_DATA_CHIP[6]
set_location_assignment PIN_T22 -to PDAC_B_DATA_CHIP[7]
set_location_assignment PIN_T23 -to ADC_DATA_CHIP[0]
set_location_assignment PIN_T24 -to ADC_DATA_CHIP[1]
set_location_assignment PIN_T25 -to ADC_DATA_CHIP[2]
set_location_assignment PIN_T18 -to ADC_DATA_CHIP[3]
set_location_assignment PIN_T21 -to ADC_DATA_CHIP[4]
set_location_assignment PIN_T20 -to ADC_DATA_CHIP[5]
set_location_assignment PIN_U26 -to ADC_DATA_CHIP[6]
set_location_assignment PIN_U25 -to ADC_DATA_CHIP[7]
set_location_assignment PIN_U23 -to CLK_ADC_CHIP
set_location_assignment PIN_R19 -to CLK_PDACs_CHIP
set_location_assignment PIN_U20 -to SDACs_SDATA_CHIP
set_location_assignment PIN_U21 -to SDACs_SCLK_CHIP
set_location_assignment PIN_V26 -to SDACs_SLATCH_CHIP
set_global_assignment -name MISC_FILE "C:/Users/spa3/Documents/GitHub/lab1h_project/Siftah_try/vga_game.dpf"
<<<<<<< Updated upstream
=======
set_global_assignment -name ENABLE_SIGNALTAP ON
set_global_assignment -name USE_SIGNALTAP_FILE stps/DEBUGGING_SCORE_MODULE.stp
set_global_assignment -name SLD_NODE_CREATOR_ID 110 -section_id auto_signaltap_0
set_global_assignment -name SLD_NODE_ENTITY_NAME sld_signaltap -section_id auto_signaltap_0
set_instance_assignment -name CONNECT_TO_SLD_NODE_ENTITY_PORT acq_clk -to "score_module:inst20|CLK" -section_id auto_signaltap_0
set_instance_assignment -name CONNECT_TO_SLD_NODE_ENTITY_PORT acq_trigger_in[0] -to "score_module:inst20|bomb_hit" -section_id auto_signaltap_0
set_instance_assignment -name CONNECT_TO_SLD_NODE_ENTITY_PORT acq_trigger_in[1] -to "score_module:inst20|gold_hit" -section_id auto_signaltap_0
set_instance_assignment -name CONNECT_TO_SLD_NODE_ENTITY_PORT acq_trigger_in[2] -to "score_module:inst20|life[0]" -section_id auto_signaltap_0
set_instance_assignment -name CONNECT_TO_SLD_NODE_ENTITY_PORT acq_trigger_in[3] -to "score_module:inst20|life[1]" -section_id auto_signaltap_0
set_instance_assignment -name CONNECT_TO_SLD_NODE_ENTITY_PORT acq_trigger_in[4] -to "score_module:inst20|life[2]" -section_id auto_signaltap_0
set_instance_assignment -name CONNECT_TO_SLD_NODE_ENTITY_PORT acq_trigger_in[5] -to "score_module:inst20|life[3]" -section_id auto_signaltap_0
set_instance_assignment -name CONNECT_TO_SLD_NODE_ENTITY_PORT acq_trigger_in[6] -to "score_module:inst20|life[4]" -section_id auto_signaltap_0
set_instance_assignment -name CONNECT_TO_SLD_NODE_ENTITY_PORT acq_trigger_in[7] -to "score_module:inst20|life[5]" -section_id auto_signaltap_0
set_instance_assignment -name CONNECT_TO_SLD_NODE_ENTITY_PORT acq_trigger_in[8] -to "score_module:inst20|life[6]" -section_id auto_signaltap_0
set_instance_assignment -name CONNECT_TO_SLD_NODE_ENTITY_PORT acq_trigger_in[9] -to "score_module:inst20|score[0]" -section_id auto_signaltap_0
set_instance_assignment -name CONNECT_TO_SLD_NODE_ENTITY_PORT acq_trigger_in[10] -to "score_module:inst20|score[1]" -section_id auto_signaltap_0
set_instance_assignment -name CONNECT_TO_SLD_NODE_ENTITY_PORT acq_trigger_in[11] -to "score_module:inst20|score[2]" -section_id auto_signaltap_0
set_instance_assignment -name CONNECT_TO_SLD_NODE_ENTITY_PORT acq_trigger_in[12] -to "score_module:inst20|score[3]" -section_id auto_signaltap_0
set_instance_assignment -name CONNECT_TO_SLD_NODE_ENTITY_PORT acq_trigger_in[13] -to "score_module:inst20|score[4]" -section_id auto_signaltap_0
set_instance_assignment -name CONNECT_TO_SLD_NODE_ENTITY_PORT acq_trigger_in[14] -to "score_module:inst20|score[5]" -section_id auto_signaltap_0
set_instance_assignment -name CONNECT_TO_SLD_NODE_ENTITY_PORT acq_trigger_in[15] -to "score_module:inst20|score[6]" -section_id auto_signaltap_0
set_global_assignment -name SLD_NODE_PARAMETER_ASSIGNMENT "SLD_TRIGGER_BITS=16" -section_id auto_signaltap_0
set_global_assignment -name SLD_NODE_PARAMETER_ASSIGNMENT "SLD_NODE_INFO=805334528" -section_id auto_signaltap_0
set_global_assignment -name SLD_NODE_PARAMETER_ASSIGNMENT "SLD_POWER_UP_TRIGGER=0" -section_id auto_signaltap_0
set_global_assignment -name SLD_NODE_PARAMETER_ASSIGNMENT "SLD_STORAGE_QUALIFIER_INVERSION_MASK_LENGTH=0" -section_id auto_signaltap_0
set_global_assignment -name SLD_NODE_PARAMETER_ASSIGNMENT "SLD_ATTRIBUTE_MEM_MODE=OFF" -section_id auto_signaltap_0
set_global_assignment -name SLD_NODE_PARAMETER_ASSIGNMENT "SLD_STATE_FLOW_USE_GENERATED=0" -section_id auto_signaltap_0
set_global_assignment -name SLD_NODE_PARAMETER_ASSIGNMENT "SLD_STATE_BITS=11" -section_id auto_signaltap_0
set_global_assignment -name SLD_NODE_PARAMETER_ASSIGNMENT "SLD_BUFFER_FULL_STOP=1" -section_id auto_signaltap_0
set_global_assignment -name SLD_NODE_PARAMETER_ASSIGNMENT "SLD_CURRENT_RESOURCE_WIDTH=1" -section_id auto_signaltap_0
set_global_assignment -name SLD_NODE_PARAMETER_ASSIGNMENT "SLD_NODE_CRC_LOWORD=51635" -section_id auto_signaltap_0
set_global_assignment -name SLD_NODE_PARAMETER_ASSIGNMENT "SLD_TRIGGER_LEVEL=1" -section_id auto_signaltap_0
set_global_assignment -name SLD_NODE_PARAMETER_ASSIGNMENT "SLD_TRIGGER_IN_ENABLED=0" -section_id auto_signaltap_0
set_global_assignment -name SLD_NODE_PARAMETER_ASSIGNMENT "SLD_ADVANCED_TRIGGER_ENTITY=basic,1," -section_id auto_signaltap_0
set_global_assignment -name SLD_NODE_PARAMETER_ASSIGNMENT "SLD_TRIGGER_LEVEL_PIPELINE=1" -section_id auto_signaltap_0
set_global_assignment -name SLD_NODE_PARAMETER_ASSIGNMENT "SLD_ENABLE_ADVANCED_TRIGGER=0" -section_id auto_signaltap_0
set_global_assignment -name SLD_NODE_PARAMETER_ASSIGNMENT "SLD_DATA_BITS=1" -section_id auto_signaltap_0
set_global_assignment -name SLD_NODE_PARAMETER_ASSIGNMENT "SLD_INVERSION_MASK=000000000000000000000000000000000000000000000000000000000000000" -section_id auto_signaltap_0
set_global_assignment -name SLD_NODE_PARAMETER_ASSIGNMENT "SLD_INVERSION_MASK_LENGTH=63" -section_id auto_signaltap_0
set_global_assignment -name SLD_NODE_PARAMETER_ASSIGNMENT "SLD_SEGMENT_SIZE=1" -section_id auto_signaltap_0
set_global_assignment -name SLD_NODE_PARAMETER_ASSIGNMENT "SLD_NODE_CRC_HIWORD=54902" -section_id auto_signaltap_0
set_global_assignment -name SLD_NODE_PARAMETER_ASSIGNMENT "SLD_SAMPLE_DEPTH=0" -section_id auto_signaltap_0
set_global_assignment -name VHDL_FILE Mario/luigi_move.vhd
>>>>>>> Stashed changes
set_global_assignment -name VHDL_FILE Mario/mario_move.vhd
set_global_assignment -name VHDL_FILE Mario/mario_object.vhd
set_global_assignment -name VHDL_FILE counters/lpm_counter_CYCLIC.vhd
set_global_assignment -name VHDL_FILE hit_detectors/hit_detector.vhd
set_global_assignment -name VHDL_FILE Mux/objects_mux.vhd
set_global_assignment -name VHDL_FILE VGA_Controller/VGA_Controller.vhd
set_global_assignment -name VHDL_FILE Score/hexSS.vhd
set_global_assignment -name VHDL_FILE Score/life_counter.vhd
set_global_assignment -name VHDL_FILE Score/score_counter.vhd
set_global_assignment -name BDF_FILE Score/score_module.bdf
set_global_assignment -name VHDL_FILE Obstcles/objectSM.vhd
set_global_assignment -name VHDL_FILE Obstcles/obstacle_object.vhd
set_global_assignment -name VHDL_FILE Obstcles/obstclefull.vhd
set_global_assignment -name VHDL_FILE Obstcles/Obstcles_mgr.vhd
set_global_assignment -name VHDL_FILE KeyDetector/lpf.vhd
set_global_assignment -name VHDL_FILE KeyDetector/bitrec.vhd
set_global_assignment -name VHDL_FILE KeyDetector/byterec.vhd
set_global_assignment -name VHDL_FILE KeyDetector/Clk_Divider.vhd
set_global_assignment -name BDF_FILE KeyDetector/KBD.bdf
set_global_assignment -name VHDL_FILE KeyDetector/kbd_translate.vhd
set_global_assignment -name VHDL_FILE GoldBomb/bomb_object.vhd
set_global_assignment -name VHDL_FILE GoldBomb/bombfull.vhd
set_global_assignment -name VHDL_FILE GoldBomb/bombs_mgr.vhd
set_global_assignment -name VHDL_FILE GoldBomb/BombSM.vhd
set_global_assignment -name VHDL_FILE GoldBomb/coin_object.vhd
set_global_assignment -name VHDL_FILE GoldBomb/goldfull.vhd
set_global_assignment -name VHDL_FILE GoldBomb/Golds_mgr.vhd
set_global_assignment -name VHDL_FILE GoldBomb/object_hit_detector.vhd
set_global_assignment -name VHDL_FILE Background/back_ground_draw.vhd
set_global_assignment -name VHDL_FILE Background/cloud_background_object.vhd
set_global_assignment -name VHDL_FILE misc.vhd
set_global_assignment -name VHDL_FILE Reset_Delay.vhd
set_global_assignment -name VHDL_FILE timer.vhd
set_global_assignment -name BDF_FILE TOP_SIFTACH.bdf
set_global_assignment -name TCL_SCRIPT_FILE FULL_PINS.tcl
set_global_assignment -name VHDL_FILE VGA_Audio_PLL.vhd
set_global_assignment -name QIP_FILE Score/new_score_counter.qip
set_global_assignment -name QIP_FILE Score/new_life_counter.qip
<<<<<<< Updated upstream
set_global_assignment -name VHDL_FILE counters/stage_counter.vhd
set_location_assignment PIN_T7 -to chase_vec[4]
set_location_assignment PIN_U3 -to chase_vec[3]
set_location_assignment PIN_U4 -to chase_vec[2]
set_location_assignment PIN_V1 -to chase_vec[1]
set_location_assignment PIN_V2 -to chase_vec[0]
set_location_assignment PIN_AE15 -to chase_leds[4]
set_location_assignment PIN_AF13 -to chase_leds[3]
set_location_assignment PIN_AE13 -to chase_leds[2]
set_location_assignment PIN_AD12 -to chase_leds[0]
set_location_assignment PIN_AE12 -to chase_leds[1]
=======
set_global_assignment -name TCL_SCRIPT_FILE Score/Tcl_script1.tcl
>>>>>>> Stashed changes
set_global_assignment -name PARTITION_NETLIST_TYPE SOURCE -section_id Top
set_global_assignment -name PARTITION_COLOR 16764057 -section_id Top
set_global_assignment -name LL_ROOT_REGION ON -section_id "Root Region"
set_global_assignment -name LL_MEMBER_STATE LOCKED -section_id "Root Region"
set_instance_assignment -name PARTITION_HIERARCHY root_partition -to | -section_id Top